PODS:
  - GoogleMaps (2.2.0):
    - GoogleMaps/Maps (= 2.2.0)
  - GoogleMaps/Base (2.2.0)
  - GoogleMaps/Maps (2.2.0):
    - GoogleMaps/Base
  - Mapbox-iOS-SDK (3.5.0-beta.1)

DEPENDENCIES:
  - GoogleMaps (~> 2.0)
  - Mapbox-iOS-SDK (from `https://raw.githubusercontent.com/mapbox/mapbox-gl-native/ios-v3.5.0-beta.1/platform/ios/Mapbox-iOS-SDK.podspec`)

EXTERNAL SOURCES:
  Mapbox-iOS-SDK:
    :podspec: https://raw.githubusercontent.com/mapbox/mapbox-gl-native/ios-v3.5.0-beta.1/platform/ios/Mapbox-iOS-SDK.podspec

SPEC CHECKSUMS:
  GoogleMaps: 104c418d61ab8a05dff06ed0784c25ea9d37da45
  Mapbox-iOS-SDK: 97b737869849e1f30fc19bafe6325b7b1264e0d9

PODFILE CHECKSUM: b1566e882e7ed079948541d89209e02e970a8f08

COCOAPODS: 1.2.0
