// !$*UTF8*$!
{
	archiveVersion = 1;
	classes = {
	};
	objectVersion = 46;
	objects = {

/* Begin PBXBuildFile section */
		9600673C1C5C9366005B2606 /* Launch Screen.storyboard in Resources */ = {isa = PBXBuildFile; fileRef = 9600673B1C5C9366005B2606 /* Launch Screen.storyboard */; };
		961EA9AE1B086933006D6D57 /* UITabBarController+Index.m in Sources */ = {isa = PBXBuildFile; fileRef = 961EA9AD1B086933006D6D57 /* UITabBarController+Index.m */; };
		962593501AF541FE002A9DDC /* APIKeys.plist in Resources */ = {isa = PBXBuildFile; fileRef = 9625934F1AF541FE002A9DDC /* APIKeys.plist */; };
		96301E7A1E937F2B005FF0F6 /* trebleTests.m in Sources */ = {isa = PBXBuildFile; fileRef = 96301E791E937F2B005FF0F6 /* trebleTests.m */; };
		96301E831E938087005FF0F6 /* TRBLCoordinatorTests.m in Sources */ = {isa = PBXBuildFile; fileRef = 96301E821E938087005FF0F6 /* TRBLCoordinatorTests.m */; };
		96446CBB1E4E3227005E3B10 /* TRBLZoomLabelView.m in Sources */ = {isa = PBXBuildFile; fileRef = 96446CBA1E4E3227005E3B10 /* TRBLZoomLabelView.m */; };
		9652C2931F08BBAA006C3F4B /* TRBLTabBarController.m in Sources */ = {isa = PBXBuildFile; fileRef = 9652C2921F08BBAA006C3F4B /* TRBLTabBarController.m */; };
		968181D51AF2B34900E2403B /* main.m in Sources */ = {isa = PBXBuildFile; fileRef = 968181D41AF2B34900E2403B /* main.m */; };
		968181D81AF2B34900E2403B /* AppDelegate.m in Sources */ = {isa = PBXBuildFile; fileRef = 968181D71AF2B34900E2403B /* AppDelegate.m */; };
		968181DB1AF2B34900E2403B /* TRBLMapboxMapView.m in Sources */ = {isa = PBXBuildFile; fileRef = 968181DA1AF2B34900E2403B /* TRBLMapboxMapView.m */; };
		968181DE1AF2B34900E2403B /* TRBLMapKitMapView.m in Sources */ = {isa = PBXBuildFile; fileRef = 968181DD1AF2B34900E2403B /* TRBLMapKitMapView.m */; };
		968181E11AF2B34900E2403B /* Main.storyboard in Resources */ = {isa = PBXBuildFile; fileRef = 968181DF1AF2B34900E2403B /* Main.storyboard */; };
		968181E31AF2B34900E2403B /* Images.xcassets in Resources */ = {isa = PBXBuildFile; fileRef = 968181E21AF2B34900E2403B /* Images.xcassets */; };
		968181FC1AF2B7AD00E2403B /* MapKit.framework in Frameworks */ = {isa = PBXBuildFile; fileRef = 968181FB1AF2B7AD00E2403B /* MapKit.framework */; };
		968181FF1AF2BC0200E2403B /* Settings.bundle in Resources */ = {isa = PBXBuildFile; fileRef = 968181FE1AF2BC0200E2403B /* Settings.bundle */; };
		968182161AF2DEBC00E2403B /* TRBLCoordinator.m in Sources */ = {isa = PBXBuildFile; fileRef = 968182151AF2DEBC00E2403B /* TRBLCoordinator.m */; };
		968182191AF2E20A00E2403B /* TRBLGoogleMapView.m in Sources */ = {isa = PBXBuildFile; fileRef = 968182181AF2E20A00E2403B /* TRBLGoogleMapView.m */; };
		9692CA5D1B06BABD00ED8BC8 /* UITabBarController+Swipe.m in Sources */ = {isa = PBXBuildFile; fileRef = 9692CA5C1B06BABD00ED8BC8 /* UITabBarController+Swipe.m */; };
		96C1DB991E4852AD00F323A0 /* UITabBarController+Visible.m in Sources */ = {isa = PBXBuildFile; fileRef = 96C1DB981E4852AD00F323A0 /* UITabBarController+Visible.m */; };
		96C6DEA71F21B2E600444A50 /* TRBLStyleLabelView.m in Sources */ = {isa = PBXBuildFile; fileRef = 96C6DEA61F21B2E600444A50 /* TRBLStyleLabelView.m */; };
		96E5ECF61AF833B2008350F9 /* MKMapView+ZoomLevel.m in Sources */ = {isa = PBXBuildFile; fileRef = 96E5ECF51AF833B2008350F9 /* MKMapView+ZoomLevel.m */; };
		B96455B0799088968C9D676D /* libPods-treble.a in Frameworks */ = {isa = PBXBuildFile; fileRef = 127EBB44C557C4B64F5EB5FC /* libPods-treble.a */; };
/* End PBXBuildFile section */

/* Begin PBXContainerItemProxy section */
		96301E7C1E937F2B005FF0F6 /* PBXContainerItemProxy */ = {
			isa = PBXContainerItemProxy;
			containerPortal = 968181C71AF2B34900E2403B /* Project object */;
			proxyType = 1;
			remoteGlobalIDString = 968181CE1AF2B34900E2403B;
			remoteInfo = treble;
		};
/* End PBXContainerItemProxy section */

/* Begin PBXCopyFilesBuildPhase section */
		96CCD47E1CECC03E00BDB57D /* Embed Frameworks */ = {
			isa = PBXCopyFilesBuildPhase;
			buildActionMask = 2147483647;
			dstPath = "";
			dstSubfolderSpec = 10;
			files = (
			);
			name = "Embed Frameworks";
			runOnlyForDeploymentPostprocessing = 0;
		};
/* End PBXCopyFilesBuildPhase section */

/* Begin PBXFileReference section */
		127EBB44C557C4B64F5EB5FC /* libPods-treble.a */ = {isa = PBXFileReference; explicitFileType = archive.ar; includeInIndex = 0; path = "libPods-treble.a"; sourceTree = BUILT_PRODUCTS_DIR; };
		2664238999696F4AD5D84AEA /* Pods-treble.app store.xcconfig */ = {isa = PBXFileReference; includeInIndex = 1; lastKnownFileType = text.xcconfig; name = "Pods-treble.app store.xcconfig"; path = "Pods/Target Support Files/Pods-treble/Pods-treble.app store.xcconfig"; sourceTree = "<group>"; };
		4B121A17FFD5E3CA153F3A90 /* Pods-treble.debug.xcconfig */ = {isa = PBXFileReference; includeInIndex = 1; lastKnownFileType = text.xcconfig; name = "Pods-treble.debug.xcconfig"; path = "Pods/Target Support Files/Pods-treble/Pods-treble.debug.xcconfig"; sourceTree = "<group>"; };
		94613F12BCB586D3CB8EA82E /* Pods-treble.release.xcconfig */ = {isa = PBXFileReference; includeInIndex = 1; lastKnownFileType = text.xcconfig; name = "Pods-treble.release.xcconfig"; path = "Pods/Target Support Files/Pods-treble/Pods-treble.release.xcconfig"; sourceTree = "<group>"; };
		9600673B1C5C9366005B2606 /* Launch Screen.storyboard */ = {isa = PBXFileReference; fileEncoding = 4; lastKnownFileType = file.storyboard; path = "Launch Screen.storyboard"; sourceTree = "<group>"; };
		961EA9AC1B086933006D6D57 /* UITabBarController+Index.h */ = {isa = PBXFileReference; fileEncoding = 4; lastKnownFileType = sourcecode.c.h; name = "UITabBarController+Index.h"; path = "Additions/UITabBarController+Index.h"; sourceTree = "<group>"; };
		961EA9AD1B086933006D6D57 /* UITabBarController+Index.m */ = {isa = PBXFileReference; fileEncoding = 4; lastKnownFileType = sourcecode.c.objc; name = "UITabBarController+Index.m"; path = "Additions/UITabBarController+Index.m"; sourceTree = "<group>"; };
		9625934F1AF541FE002A9DDC /* APIKeys.plist */ = {isa = PBXFileReference; fileEncoding = 4; lastKnownFileType = text.plist.xml; path = APIKeys.plist; sourceTree = "<group>"; };
		96301E771E937F2B005FF0F6 /* trebleTests.xctest */ = {isa = PBXFileReference; explicitFileType = wrapper.cfbundle; includeInIndex = 0; path = trebleTests.xctest; sourceTree = BUILT_PRODUCTS_DIR; };
		96301E791E937F2B005FF0F6 /* trebleTests.m */ = {isa = PBXFileReference; lastKnownFileType = sourcecode.c.objc; path = trebleTests.m; sourceTree = "<group>"; };
		96301E7B1E937F2B005FF0F6 /* Info.plist */ = {isa = PBXFileReference; lastKnownFileType = text.plist.xml; path = Info.plist; sourceTree = "<group>"; };
		96301E821E938087005FF0F6 /* TRBLCoordinatorTests.m */ = {isa = PBXFileReference; fileEncoding = 4; lastKnownFileType = sourcecode.c.objc; path = TRBLCoordinatorTests.m; sourceTree = "<group>"; };
		96446CB91E4E3227005E3B10 /* TRBLZoomLabelView.h */ = {isa = PBXFileReference; fileEncoding = 4; lastKnownFileType = sourcecode.c.h; path = TRBLZoomLabelView.h; sourceTree = "<group>"; };
		96446CBA1E4E3227005E3B10 /* TRBLZoomLabelView.m */ = {isa = PBXFileReference; fileEncoding = 4; lastKnownFileType = sourcecode.c.objc; path = TRBLZoomLabelView.m; sourceTree = "<group>"; };
		9652C2911F08BBAA006C3F4B /* TRBLTabBarController.h */ = {isa = PBXFileReference; fileEncoding = 4; lastKnownFileType = sourcecode.c.h; path = TRBLTabBarController.h; sourceTree = "<group>"; };
		9652C2921F08BBAA006C3F4B /* TRBLTabBarController.m */ = {isa = PBXFileReference; fileEncoding = 4; lastKnownFileType = sourcecode.c.objc; path = TRBLTabBarController.m; sourceTree = "<group>"; };
		967E9D031CB8A25C0004D44E /* Constants.h */ = {isa = PBXFileReference; lastKnownFileType = sourcecode.c.h; path = Constants.h; sourceTree = "<group>"; };
		968181CF1AF2B34900E2403B /* treble.app */ = {isa = PBXFileReference; explicitFileType = wrapper.application; includeInIndex = 0; path = treble.app; sourceTree = BUILT_PRODUCTS_DIR; };
		968181D31AF2B34900E2403B /* Info.plist */ = {isa = PBXFileReference; lastKnownFileType = text.plist.xml; path = Info.plist; sourceTree = "<group>"; };
		968181D41AF2B34900E2403B /* main.m */ = {isa = PBXFileReference; lastKnownFileType = sourcecode.c.objc; path = main.m; sourceTree = "<group>"; };
		968181D61AF2B34900E2403B /* AppDelegate.h */ = {isa = PBXFileReference; lastKnownFileType = sourcecode.c.h; path = AppDelegate.h; sourceTree = "<group>"; };
		968181D71AF2B34900E2403B /* AppDelegate.m */ = {isa = PBXFileReference; lastKnownFileType = sourcecode.c.objc; path = AppDelegate.m; sourceTree = "<group>"; };
		968181D91AF2B34900E2403B /* TRBLMapboxMapView.h */ = {isa = PBXFileReference; lastKnownFileType = sourcecode.c.h; path = TRBLMapboxMapView.h; sourceTree = "<group>"; };
		968181DA1AF2B34900E2403B /* TRBLMapboxMapView.m */ = {isa = PBXFileReference; lastKnownFileType = sourcecode.c.objc; path = TRBLMapboxMapView.m; sourceTree = "<group>"; };
		968181DC1AF2B34900E2403B /* TRBLMapKitMapView.h */ = {isa = PBXFileReference; lastKnownFileType = sourcecode.c.h; path = TRBLMapKitMapView.h; sourceTree = "<group>"; };
		968181DD1AF2B34900E2403B /* TRBLMapKitMapView.m */ = {isa = PBXFileReference; lastKnownFileType = sourcecode.c.objc; path = TRBLMapKitMapView.m; sourceTree = "<group>"; };
		968181E01AF2B34900E2403B /* Base */ = {isa = PBXFileReference; lastKnownFileType = file.storyboard; name = Base; path = Base.lproj/Main.storyboard; sourceTree = "<group>"; };
		968181E21AF2B34900E2403B /* Images.xcassets */ = {isa = PBXFileReference; lastKnownFileType = folder.assetcatalog; path = Images.xcassets; sourceTree = "<group>"; };
		968181FB1AF2B7AD00E2403B /* MapKit.framework */ = {isa = PBXFileReference; lastKnownFileType = wrapper.framework; name = MapKit.framework; path = System/Library/Frameworks/MapKit.framework; sourceTree = SDKROOT; };
		968181FE1AF2BC0200E2403B /* Settings.bundle */ = {isa = PBXFileReference; lastKnownFileType = "wrapper.plug-in"; path = Settings.bundle; sourceTree = "<group>"; };
		968182141AF2DEBC00E2403B /* TRBLCoordinator.h */ = {isa = PBXFileReference; fileEncoding = 4; lastKnownFileType = sourcecode.c.h; path = TRBLCoordinator.h; sourceTree = "<group>"; };
		968182151AF2DEBC00E2403B /* TRBLCoordinator.m */ = {isa = PBXFileReference; fileEncoding = 4; lastKnownFileType = sourcecode.c.objc; path = TRBLCoordinator.m; sourceTree = "<group>"; };
		968182171AF2E20A00E2403B /* TRBLGoogleMapView.h */ = {isa = PBXFileReference; fileEncoding = 4; lastKnownFileType = sourcecode.c.h; path = TRBLGoogleMapView.h; sourceTree = "<group>"; };
		968182181AF2E20A00E2403B /* TRBLGoogleMapView.m */ = {isa = PBXFileReference; fileEncoding = 4; lastKnownFileType = sourcecode.c.objc; path = TRBLGoogleMapView.m; sourceTree = "<group>"; };
		968F36B81E4D2B5C003A5522 /* PlistBefriender.swift */ = {isa = PBXFileReference; fileEncoding = 4; lastKnownFileType = sourcecode.swift; name = PlistBefriender.swift; path = scripts/PlistBefriender.swift; sourceTree = "<group>"; };
		9692CA5B1B06BABD00ED8BC8 /* UITabBarController+Swipe.h */ = {isa = PBXFileReference; fileEncoding = 4; lastKnownFileType = sourcecode.c.h; name = "UITabBarController+Swipe.h"; path = "Additions/UITabBarController+Swipe.h"; sourceTree = "<group>"; };
		9692CA5C1B06BABD00ED8BC8 /* UITabBarController+Swipe.m */ = {isa = PBXFileReference; fileEncoding = 4; lastKnownFileType = sourcecode.c.objc; name = "UITabBarController+Swipe.m"; path = "Additions/UITabBarController+Swipe.m"; sourceTree = "<group>"; };
		96C1DB971E4852AD00F323A0 /* UITabBarController+Visible.h */ = {isa = PBXFileReference; fileEncoding = 4; lastKnownFileType = sourcecode.c.h; name = "UITabBarController+Visible.h"; path = "Additions/UITabBarController+Visible.h"; sourceTree = "<group>"; };
		96C1DB981E4852AD00F323A0 /* UITabBarController+Visible.m */ = {isa = PBXFileReference; fileEncoding = 4; lastKnownFileType = sourcecode.c.objc; name = "UITabBarController+Visible.m"; path = "Additions/UITabBarController+Visible.m"; sourceTree = "<group>"; };
		96C6DEA51F21B2E600444A50 /* TRBLStyleLabelView.h */ = {isa = PBXFileReference; fileEncoding = 4; lastKnownFileType = sourcecode.c.h; path = TRBLStyleLabelView.h; sourceTree = "<group>"; };
		96C6DEA61F21B2E600444A50 /* TRBLStyleLabelView.m */ = {isa = PBXFileReference; fileEncoding = 4; lastKnownFileType = sourcecode.c.objc; path = TRBLStyleLabelView.m; sourceTree = "<group>"; };
		96CCD4791CECC02100BDB57D /* GoogleMaps.framework */ = {isa = PBXFileReference; lastKnownFileType = wrapper.framework; name = GoogleMaps.framework; path = "../../../Downloads/aa3052925ceeea2d-GoogleMaps-1.13.2.tar/Frameworks/GoogleMaps.framework"; sourceTree = "<group>"; };
		96E5ECF41AF833B2008350F9 /* MKMapView+ZoomLevel.h */ = {isa = PBXFileReference; fileEncoding = 4; lastKnownFileType = sourcecode.c.h; name = "MKMapView+ZoomLevel.h"; path = "Additions/MKMapView+ZoomLevel.h"; sourceTree = "<group>"; };
		96E5ECF51AF833B2008350F9 /* MKMapView+ZoomLevel.m */ = {isa = PBXFileReference; fileEncoding = 4; lastKnownFileType = sourcecode.c.objc; name = "MKMapView+ZoomLevel.m"; path = "Additions/MKMapView+ZoomLevel.m"; sourceTree = "<group>"; };
/* End PBXFileReference section */

/* Begin PBXFrameworksBuildPhase section */
		96301E741E937F2B005FF0F6 /* Frameworks */ = {
			isa = PBXFrameworksBuildPhase;
			buildActionMask = 2147483647;
			files = (
			);
			runOnlyForDeploymentPostprocessing = 0;
		};
		968181CC1AF2B34900E2403B /* Frameworks */ = {
			isa = PBXFrameworksBuildPhase;
			buildActionMask = 2147483647;
			files = (
				968181FC1AF2B7AD00E2403B /* MapKit.framework in Frameworks */,
				B96455B0799088968C9D676D /* libPods-treble.a in Frameworks */,
			);
			runOnlyForDeploymentPostprocessing = 0;
		};
/* End PBXFrameworksBuildPhase section */

/* Begin PBXGroup section */
		22458B2C55CB2CFCD2E3A32D /* Pods */ = {
			isa = PBXGroup;
			children = (
				4B121A17FFD5E3CA153F3A90 /* Pods-treble.debug.xcconfig */,
				94613F12BCB586D3CB8EA82E /* Pods-treble.release.xcconfig */,
				2664238999696F4AD5D84AEA /* Pods-treble.app store.xcconfig */,
			);
			name = Pods;
			sourceTree = "<group>";
		};
		5A2828F87C80135E3EC6BD67 /* Frameworks */ = {
			isa = PBXGroup;
			children = (
				96CCD4791CECC02100BDB57D /* GoogleMaps.framework */,
				968181FB1AF2B7AD00E2403B /* MapKit.framework */,
				127EBB44C557C4B64F5EB5FC /* libPods-treble.a */,
			);
			name = Frameworks;
			sourceTree = "<group>";
		};
		96301E781E937F2B005FF0F6 /* trebleTests */ = {
			isa = PBXGroup;
			children = (
				96301E791E937F2B005FF0F6 /* trebleTests.m */,
				96301E821E938087005FF0F6 /* TRBLCoordinatorTests.m */,
				96301E7B1E937F2B005FF0F6 /* Info.plist */,
			);
			path = trebleTests;
			sourceTree = "<group>";
		};
		9652C2941F08BBF0006C3F4B /* Views */ = {
			isa = PBXGroup;
			children = (
				9652C2911F08BBAA006C3F4B /* TRBLTabBarController.h */,
				9652C2921F08BBAA006C3F4B /* TRBLTabBarController.m */,
				96446CB91E4E3227005E3B10 /* TRBLZoomLabelView.h */,
				96446CBA1E4E3227005E3B10 /* TRBLZoomLabelView.m */,
				96C6DEA51F21B2E600444A50 /* TRBLStyleLabelView.h */,
				96C6DEA61F21B2E600444A50 /* TRBLStyleLabelView.m */,
			);
			name = Views;
			sourceTree = "<group>";
		};
		968181C61AF2B34900E2403B = {
			isa = PBXGroup;
			children = (
				968181D11AF2B34900E2403B /* treble */,
				96301E781E937F2B005FF0F6 /* trebleTests */,
				968181D01AF2B34900E2403B /* Products */,
				5A2828F87C80135E3EC6BD67 /* Frameworks */,
				22458B2C55CB2CFCD2E3A32D /* Pods */,
			);
			sourceTree = "<group>";
		};
		968181D01AF2B34900E2403B /* Products */ = {
			isa = PBXGroup;
			children = (
				968181CF1AF2B34900E2403B /* treble.app */,
				96301E771E937F2B005FF0F6 /* trebleTests.xctest */,
			);
			name = Products;
			sourceTree = "<group>";
		};
		968181D11AF2B34900E2403B /* treble */ = {
			isa = PBXGroup;
			children = (
				96E5ECF31AF743BA008350F9 /* Additions */,
				9652C2941F08BBF0006C3F4B /* Views */,
				968181D61AF2B34900E2403B /* AppDelegate.h */,
				968181D71AF2B34900E2403B /* AppDelegate.m */,
				968182141AF2DEBC00E2403B /* TRBLCoordinator.h */,
				968182151AF2DEBC00E2403B /* TRBLCoordinator.m */,
				968182171AF2E20A00E2403B /* TRBLGoogleMapView.h */,
				968182181AF2E20A00E2403B /* TRBLGoogleMapView.m */,
				968181D91AF2B34900E2403B /* TRBLMapboxMapView.h */,
				968181DA1AF2B34900E2403B /* TRBLMapboxMapView.m */,
				968181DC1AF2B34900E2403B /* TRBLMapKitMapView.h */,
				968181DD1AF2B34900E2403B /* TRBLMapKitMapView.m */,
				968181DF1AF2B34900E2403B /* Main.storyboard */,
				9600673B1C5C9366005B2606 /* Launch Screen.storyboard */,
				968181E21AF2B34900E2403B /* Images.xcassets */,
				968181D21AF2B34900E2403B /* Supporting Files */,
			);
			path = treble;
			sourceTree = "<group>";
		};
		968181D21AF2B34900E2403B /* Supporting Files */ = {
			isa = PBXGroup;
			children = (
				9625934F1AF541FE002A9DDC /* APIKeys.plist */,
				968181D31AF2B34900E2403B /* Info.plist */,
				968181D41AF2B34900E2403B /* main.m */,
				968F36B81E4D2B5C003A5522 /* PlistBefriender.swift */,
				968181FE1AF2BC0200E2403B /* Settings.bundle */,
			);
			name = "Supporting Files";
			sourceTree = "<group>";
		};
		96E5ECF31AF743BA008350F9 /* Additions */ = {
			isa = PBXGroup;
			children = (
				967E9D031CB8A25C0004D44E /* Constants.h */,
				96E5ECF41AF833B2008350F9 /* MKMapView+ZoomLevel.h */,
				96E5ECF51AF833B2008350F9 /* MKMapView+ZoomLevel.m */,
				961EA9AC1B086933006D6D57 /* UITabBarController+Index.h */,
				961EA9AD1B086933006D6D57 /* UITabBarController+Index.m */,
				9692CA5B1B06BABD00ED8BC8 /* UITabBarController+Swipe.h */,
				9692CA5C1B06BABD00ED8BC8 /* UITabBarController+Swipe.m */,
				96C1DB971E4852AD00F323A0 /* UITabBarController+Visible.h */,
				96C1DB981E4852AD00F323A0 /* UITabBarController+Visible.m */,
			);
			name = Additions;
			sourceTree = "<group>";
		};
/* End PBXGroup section */

/* Begin PBXNativeTarget section */
		96301E761E937F2B005FF0F6 /* trebleTests */ = {
			isa = PBXNativeTarget;
			buildConfigurationList = 96301E811E937F2B005FF0F6 /* Build configuration list for PBXNativeTarget "trebleTests" */;
			buildPhases = (
				96301E731E937F2B005FF0F6 /* Sources */,
				96301E741E937F2B005FF0F6 /* Frameworks */,
				96301E751E937F2B005FF0F6 /* Resources */,
			);
			buildRules = (
			);
			dependencies = (
				96301E7D1E937F2B005FF0F6 /* PBXTargetDependency */,
			);
			name = trebleTests;
			productName = trebleTests;
			productReference = 96301E771E937F2B005FF0F6 /* trebleTests.xctest */;
			productType = "com.apple.product-type.bundle.unit-test";
		};
		968181CE1AF2B34900E2403B /* treble */ = {
			isa = PBXNativeTarget;
			buildConfigurationList = 968181F51AF2B34900E2403B /* Build configuration list for PBXNativeTarget "treble" */;
			buildPhases = (
				4DD56935AD6E93C4A80C5E21 /* [CP] Check Pods Manifest.lock */,
				968181CB1AF2B34900E2403B /* Sources */,
				968181CC1AF2B34900E2403B /* Frameworks */,
				968181CD1AF2B34900E2403B /* Resources */,
				968F36BA1E4D2BD6003A5522 /* Update version strings in Settings.bundle */,
				C449C5CD43AF6E571BD7B639 /* [CP] Embed Pods Frameworks */,
				8D8FA627772C3240315AE437 /* [CP] Copy Pods Resources */,
				96CCD47E1CECC03E00BDB57D /* Embed Frameworks */,
				55088F92D0727668CA851B4F /* [CP-User] Copy bitcode symbol maps into Products directory */,
			);
			buildRules = (
			);
			dependencies = (
			);
			name = treble;
			productName = treble;
			productReference = 968181CF1AF2B34900E2403B /* treble.app */;
			productType = "com.apple.product-type.application";
		};
/* End PBXNativeTarget section */

/* Begin PBXProject section */
		968181C71AF2B34900E2403B /* Project object */ = {
			isa = PBXProject;
			attributes = {
				CLASSPREFIX = TRBL;
				LastUpgradeCheck = 1000;
				ORGANIZATIONNAME = Mapbox;
				TargetAttributes = {
					96301E761E937F2B005FF0F6 = {
						CreatedOnToolsVersion = 8.3;
						DevelopmentTeam = ***REMOVED***;
						ProvisioningStyle = Automatic;
						TestTargetID = 968181CE1AF2B34900E2403B;
					};
					968181CE1AF2B34900E2403B = {
						CreatedOnToolsVersion = 6.3.1;
						DevelopmentTeam = ***REMOVED***;
						LastSwiftMigration = 0820;
						ProvisioningStyle = Automatic;
						SystemCapabilities = {
							com.apple.BackgroundModes = {
								enabled = 0;
							};
						};
					};
				};
			};
			buildConfigurationList = 968181CA1AF2B34900E2403B /* Build configuration list for PBXProject "Treble" */;
			compatibilityVersion = "Xcode 3.2";
			developmentRegion = English;
			hasScannedForEncodings = 0;
			knownRegions = (
				en,
				Base,
			);
			mainGroup = 968181C61AF2B34900E2403B;
			productRefGroup = 968181D01AF2B34900E2403B /* Products */;
			projectDirPath = "";
			projectRoot = "";
			targets = (
				968181CE1AF2B34900E2403B /* treble */,
				96301E761E937F2B005FF0F6 /* trebleTests */,
			);
		};
/* End PBXProject section */

/* Begin PBXResourcesBuildPhase section */
		96301E751E937F2B005FF0F6 /* Resources */ = {
			isa = PBXResourcesBuildPhase;
			buildActionMask = 2147483647;
			files = (
			);
			runOnlyForDeploymentPostprocessing = 0;
		};
		968181CD1AF2B34900E2403B /* Resources */ = {
			isa = PBXResourcesBuildPhase;
			buildActionMask = 2147483647;
			files = (
				9600673C1C5C9366005B2606 /* Launch Screen.storyboard in Resources */,
				968181FF1AF2BC0200E2403B /* Settings.bundle in Resources */,
				968181E11AF2B34900E2403B /* Main.storyboard in Resources */,
				962593501AF541FE002A9DDC /* APIKeys.plist in Resources */,
				968181E31AF2B34900E2403B /* Images.xcassets in Resources */,
			);
			runOnlyForDeploymentPostprocessing = 0;
		};
/* End PBXResourcesBuildPhase section */

/* Begin PBXShellScriptBuildPhase section */
		4DD56935AD6E93C4A80C5E21 /* [CP] Check Pods Manifest.lock */ = {
			isa = PBXShellScriptBuildPhase;
			buildActionMask = 2147483647;
			files = (
			);
			inputPaths = (
				"${PODS_PODFILE_DIR_PATH}/Podfile.lock",
				"${PODS_ROOT}/Manifest.lock",
			);
			name = "[CP] Check Pods Manifest.lock";
			outputPaths = (
				"$(DERIVED_FILE_DIR)/Pods-treble-checkManifestLockResult.txt",
			);
			runOnlyForDeploymentPostprocessing = 0;
			shellPath = /bin/sh;
			shellScript = "diff \"${PODS_PODFILE_DIR_PATH}/Podfile.lock\" \"${PODS_ROOT}/Manifest.lock\" > /dev/null\nif [ $? != 0 ] ; then\n    # print error to STDERR\n    echo \"error: The sandbox is not in sync with the Podfile.lock. Run 'pod install' or update your CocoaPods installation.\" >&2\n    exit 1\nfi\n# This output is used by Xcode 'outputs' to avoid re-running this script phase.\necho \"SUCCESS\" > \"${SCRIPT_OUTPUT_FILE_0}\"\n";
			showEnvVarsInLog = 0;
		};
		55088F92D0727668CA851B4F /* [CP-User] Copy bitcode symbol maps into Products directory */ = {
			isa = PBXShellScriptBuildPhase;
			buildActionMask = 2147483647;
			files = (
			);
			inputPaths = (
			);
			name = "[CP-User] Copy bitcode symbol maps into Products directory";
			outputPaths = (
			);
			runOnlyForDeploymentPostprocessing = 0;
			shellPath = /bin/sh;
			shellScript = "if [ \"$ACTION\" = \"install\" ]; then mdfind -name .bcsymbolmap -onlyin \"${PODS_ROOT}\" | xargs -I{} cp -v {} \"${CONFIGURATION_BUILD_DIR}\"; fi;";
			showEnvVarsInLog = 0;
		};
		8D8FA627772C3240315AE437 /* [CP] Copy Pods Resources */ = {
			isa = PBXShellScriptBuildPhase;
			buildActionMask = 2147483647;
			files = (
			);
			inputPaths = (
				"${PODS_ROOT}/Target Support Files/Pods-treble/Pods-treble-resources.sh",
				"${PODS_ROOT}/GoogleMaps/Maps/Frameworks/GoogleMaps.framework/Resources/GoogleMaps.bundle",
				"${PODS_ROOT}/NSTimeZone-Coordinate/NSTimeZone+Coordinate/timezones.plist",
			);
			name = "[CP] Copy Pods Resources";
			outputPaths = (
				"${TARGET_BUILD_DIR}/${UNLOCALIZED_RESOURCES_FOLDER_PATH}/GoogleMaps.bundle",
				"${TARGET_BUILD_DIR}/${UNLOCALIZED_RESOURCES_FOLDER_PATH}/timezones.plist",
			);
			runOnlyForDeploymentPostprocessing = 0;
			shellPath = /bin/sh;
			shellScript = "\"${PODS_ROOT}/Target Support Files/Pods-treble/Pods-treble-resources.sh\"\n";
			showEnvVarsInLog = 0;
		};
		968F36BA1E4D2BD6003A5522 /* Update version strings in Settings.bundle */ = {
			isa = PBXShellScriptBuildPhase;
			buildActionMask = 2147483647;
			files = (
			);
			inputPaths = (
			);
			name = "Update version strings in Settings.bundle";
			outputPaths = (
			);
			runOnlyForDeploymentPostprocessing = 0;
			shellPath = /bin/sh;
			shellScript = "xcrun -sdk macosx swift \"${PROJECT_DIR}/${PROJECT_NAME}/scripts/PlistBefriender.swift\" \"${INFOPLIST_FILE}\" \"${TARGET_BUILD_DIR}/${CONTENTS_FOLDER_PATH}/Settings.bundle/Root.plist\" \"${PODS_ROOT}/Mapbox-iOS-SDK/dynamic/Mapbox.framework\"\n\nplutil -lint \"${TARGET_BUILD_DIR}/${CONTENTS_FOLDER_PATH}/Settings.bundle/Root.plist\"\n";
		};
		C449C5CD43AF6E571BD7B639 /* [CP] Embed Pods Frameworks */ = {
			isa = PBXShellScriptBuildPhase;
			buildActionMask = 2147483647;
			files = (
			);
			inputPaths = (
				"${PODS_ROOT}/Target Support Files/Pods-treble/Pods-treble-frameworks.sh",
				"${PODS_ROOT}/Mapbox-iOS-SDK/dynamic/Mapbox.framework",
				"${PODS_ROOT}/Mapbox-iOS-SDK/dynamic/Mapbox.framework.dSYM",
			);
			name = "[CP] Embed Pods Frameworks";
			outputPaths = (
				"${TARGET_BUILD_DIR}/${FRAMEWORKS_FOLDER_PATH}/Mapbox.framework",
				"${DWARF_DSYM_FOLDER_PATH}/Mapbox.framework.dSYM",
			);
			runOnlyForDeploymentPostprocessing = 0;
			shellPath = /bin/sh;
			shellScript = "\"${PODS_ROOT}/Target Support Files/Pods-treble/Pods-treble-frameworks.sh\"\n";
			showEnvVarsInLog = 0;
		};
/* End PBXShellScriptBuildPhase section */

/* Begin PBXSourcesBuildPhase section */
		96301E731E937F2B005FF0F6 /* Sources */ = {
			isa = PBXSourcesBuildPhase;
			buildActionMask = 2147483647;
			files = (
				96301E831E938087005FF0F6 /* TRBLCoordinatorTests.m in Sources */,
				96301E7A1E937F2B005FF0F6 /* trebleTests.m in Sources */,
			);
			runOnlyForDeploymentPostprocessing = 0;
		};
		968181CB1AF2B34900E2403B /* Sources */ = {
			isa = PBXSourcesBuildPhase;
			buildActionMask = 2147483647;
			files = (
				96446CBB1E4E3227005E3B10 /* TRBLZoomLabelView.m in Sources */,
				96C1DB991E4852AD00F323A0 /* UITabBarController+Visible.m in Sources */,
				96C6DEA71F21B2E600444A50 /* TRBLStyleLabelView.m in Sources */,
				9652C2931F08BBAA006C3F4B /* TRBLTabBarController.m in Sources */,
				968182191AF2E20A00E2403B /* TRBLGoogleMapView.m in Sources */,
				968181DE1AF2B34900E2403B /* TRBLMapKitMapView.m in Sources */,
				968181D81AF2B34900E2403B /* AppDelegate.m in Sources */,
				96E5ECF61AF833B2008350F9 /* MKMapView+ZoomLevel.m in Sources */,
				961EA9AE1B086933006D6D57 /* UITabBarController+Index.m in Sources */,
				968181DB1AF2B34900E2403B /* TRBLMapboxMapView.m in Sources */,
				968182161AF2DEBC00E2403B /* TRBLCoordinator.m in Sources */,
				9692CA5D1B06BABD00ED8BC8 /* UITabBarController+Swipe.m in Sources */,
				968181D51AF2B34900E2403B /* main.m in Sources */,
			);
			runOnlyForDeploymentPostprocessing = 0;
		};
/* End PBXSourcesBuildPhase section */

/* Begin PBXTargetDependency section */
		96301E7D1E937F2B005FF0F6 /* PBXTargetDependency */ = {
			isa = PBXTargetDependency;
			target = 968181CE1AF2B34900E2403B /* treble */;
			targetProxy = 96301E7C1E937F2B005FF0F6 /* PBXContainerItemProxy */;
		};
/* End PBXTargetDependency section */

/* Begin PBXVariantGroup section */
		968181DF1AF2B34900E2403B /* Main.storyboard */ = {
			isa = PBXVariantGroup;
			children = (
				968181E01AF2B34900E2403B /* Base */,
			);
			name = Main.storyboard;
			sourceTree = "<group>";
		};
/* End PBXVariantGroup section */

/* Begin XCBuildConfiguration section */
		96301E7E1E937F2B005FF0F6 /* Debug */ = {
			isa = XCBuildConfiguration;
			buildSettings = {
				BUNDLE_LOADER = "$(TEST_HOST)";
				CLANG_ANALYZER_NONNULL = YES;
				CLANG_ANALYZER_NUMBER_OBJECT_CONVERSION = YES_AGGRESSIVE;
				CLANG_WARN_DOCUMENTATION_COMMENTS = YES;
				DEBUG_INFORMATION_FORMAT = dwarf;
				DEVELOPMENT_TEAM = ***REMOVED***;
				ENABLE_BITCODE = NO;
				INFOPLIST_FILE = trebleTests/Info.plist;
				IPHONEOS_DEPLOYMENT_TARGET = 10.3;
				LD_RUNPATH_SEARCH_PATHS = "$(inherited) @executable_path/Frameworks @loader_path/Frameworks";
				PRODUCT_BUNDLE_IDENTIFIER = com.mapbox.trebleTests;
				PRODUCT_NAME = "$(TARGET_NAME)";
				TEST_HOST = "$(BUILT_PRODUCTS_DIR)/treble.app/treble";
			};
			name = Debug;
		};
		96301E7F1E937F2B005FF0F6 /* Release */ = {
			isa = XCBuildConfiguration;
			buildSettings = {
				BUNDLE_LOADER = "$(TEST_HOST)";
				CLANG_ANALYZER_NONNULL = YES;
				CLANG_ANALYZER_NUMBER_OBJECT_CONVERSION = YES_AGGRESSIVE;
				CLANG_WARN_DOCUMENTATION_COMMENTS = YES;
				DEVELOPMENT_TEAM = ***REMOVED***;
				ENABLE_BITCODE = NO;
				INFOPLIST_FILE = trebleTests/Info.plist;
				IPHONEOS_DEPLOYMENT_TARGET = 10.3;
				LD_RUNPATH_SEARCH_PATHS = "$(inherited) @executable_path/Frameworks @loader_path/Frameworks";
				PRODUCT_BUNDLE_IDENTIFIER = com.mapbox.trebleTests;
				PRODUCT_NAME = "$(TARGET_NAME)";
				TEST_HOST = "$(BUILT_PRODUCTS_DIR)/treble.app/treble";
			};
			name = Release;
		};
		96301E801E937F2B005FF0F6 /* App Store */ = {
			isa = XCBuildConfiguration;
			buildSettings = {
				BUNDLE_LOADER = "$(TEST_HOST)";
				CLANG_ANALYZER_NONNULL = YES;
				CLANG_ANALYZER_NUMBER_OBJECT_CONVERSION = YES_AGGRESSIVE;
				CLANG_WARN_DOCUMENTATION_COMMENTS = YES;
				DEVELOPMENT_TEAM = ***REMOVED***;
				ENABLE_BITCODE = NO;
				INFOPLIST_FILE = trebleTests/Info.plist;
				IPHONEOS_DEPLOYMENT_TARGET = 10.3;
				LD_RUNPATH_SEARCH_PATHS = "$(inherited) @executable_path/Frameworks @loader_path/Frameworks";
				PRODUCT_BUNDLE_IDENTIFIER = com.mapbox.trebleTests;
				PRODUCT_NAME = "$(TARGET_NAME)";
				TEST_HOST = "$(BUILT_PRODUCTS_DIR)/treble.app/treble";
			};
			name = "App Store";
		};
		968181F31AF2B34900E2403B /* Debug */ = {
			isa = XCBuildConfiguration;
			buildSettings = {
				ALWAYS_SEARCH_USER_PATHS = NO;
				CLANG_CXX_LANGUAGE_STANDARD = "gnu++0x";
				CLANG_CXX_LIBRARY = "libc++";
				CLANG_ENABLE_MODULES = YES;
				CLANG_ENABLE_OBJC_ARC = YES;
				CLANG_WARN_BLOCK_CAPTURE_AUTORELEASING = YES;
				CLANG_WARN_BOOL_CONVERSION = YES;
				CLANG_WARN_COMMA = YES;
				CLANG_WARN_CONSTANT_CONVERSION = YES;
				CLANG_WARN_DEPRECATED_OBJC_IMPLEMENTATIONS = YES;
				CLANG_WARN_DIRECT_OBJC_ISA_USAGE = YES_ERROR;
				CLANG_WARN_EMPTY_BODY = YES;
				CLANG_WARN_ENUM_CONVERSION = YES;
				CLANG_WARN_INFINITE_RECURSION = YES;
				CLANG_WARN_INT_CONVERSION = YES;
				CLANG_WARN_NON_LITERAL_NULL_CONVERSION = YES;
				CLANG_WARN_OBJC_IMPLICIT_RETAIN_SELF = YES;
				CLANG_WARN_OBJC_LITERAL_CONVERSION = YES;
				CLANG_WARN_OBJC_ROOT_CLASS = YES_ERROR;
				CLANG_WARN_RANGE_LOOP_ANALYSIS = YES;
				CLANG_WARN_STRICT_PROTOTYPES = YES;
				CLANG_WARN_SUSPICIOUS_MOVE = YES;
				CLANG_WARN_UNREACHABLE_CODE = YES;
				CLANG_WARN__DUPLICATE_METHOD_MATCH = YES;
				"CODE_SIGN_IDENTITY[sdk=iphoneos*]" = "iPhone Developer";
				COPY_PHASE_STRIP = NO;
				DEBUG_INFORMATION_FORMAT = "dwarf-with-dsym";
				ENABLE_BITCODE = YES;
				ENABLE_STRICT_OBJC_MSGSEND = YES;
				ENABLE_TESTABILITY = YES;
				GCC_C_LANGUAGE_STANDARD = gnu99;
				GCC_DYNAMIC_NO_PIC = NO;
				GCC_NO_COMMON_BLOCKS = YES;
				GCC_OPTIMIZATION_LEVEL = 0;
				GCC_PREPROCESSOR_DEFINITIONS = (
					"DEBUG=1",
					"$(inherited)",
				);
				GCC_SYMBOLS_PRIVATE_EXTERN = NO;
				GCC_WARN_64_TO_32_BIT_CONVERSION = YES;
				GCC_WARN_ABOUT_RETURN_TYPE = YES_ERROR;
				GCC_WARN_UNDECLARED_SELECTOR = YES;
				GCC_WARN_UNINITIALIZED_AUTOS = YES_AGGRESSIVE;
				GCC_WARN_UNUSED_FUNCTION = YES;
				GCC_WARN_UNUSED_VARIABLE = YES;
				IPHONEOS_DEPLOYMENT_TARGET = 9.3;
				MTL_ENABLE_DEBUG_INFO = YES;
				ONLY_ACTIVE_ARCH = YES;
				SDKROOT = iphoneos;
				TARGETED_DEVICE_FAMILY = "1,2";
			};
			name = Debug;
		};
		968181F41AF2B34900E2403B /* Release */ = {
			isa = XCBuildConfiguration;
			buildSettings = {
				ALWAYS_SEARCH_USER_PATHS = NO;
				CLANG_CXX_LANGUAGE_STANDARD = "gnu++0x";
				CLANG_CXX_LIBRARY = "libc++";
				CLANG_ENABLE_MODULES = YES;
				CLANG_ENABLE_OBJC_ARC = YES;
				CLANG_WARN_BLOCK_CAPTURE_AUTORELEASING = YES;
				CLANG_WARN_BOOL_CONVERSION = YES;
				CLANG_WARN_COMMA = YES;
				CLANG_WARN_CONSTANT_CONVERSION = YES;
				CLANG_WARN_DEPRECATED_OBJC_IMPLEMENTATIONS = YES;
				CLANG_WARN_DIRECT_OBJC_ISA_USAGE = YES_ERROR;
				CLANG_WARN_EMPTY_BODY = YES;
				CLANG_WARN_ENUM_CONVERSION = YES;
				CLANG_WARN_INFINITE_RECURSION = YES;
				CLANG_WARN_INT_CONVERSION = YES;
				CLANG_WARN_NON_LITERAL_NULL_CONVERSION = YES;
				CLANG_WARN_OBJC_IMPLICIT_RETAIN_SELF = YES;
				CLANG_WARN_OBJC_LITERAL_CONVERSION = YES;
				CLANG_WARN_OBJC_ROOT_CLASS = YES_ERROR;
				CLANG_WARN_RANGE_LOOP_ANALYSIS = YES;
				CLANG_WARN_STRICT_PROTOTYPES = YES;
				CLANG_WARN_SUSPICIOUS_MOVE = YES;
				CLANG_WARN_UNREACHABLE_CODE = YES;
				CLANG_WARN__DUPLICATE_METHOD_MATCH = YES;
				"CODE_SIGN_IDENTITY[sdk=iphoneos*]" = "iPhone Developer";
				COPY_PHASE_STRIP = NO;
				DEBUG_INFORMATION_FORMAT = "dwarf-with-dsym";
				ENABLE_BITCODE = YES;
				ENABLE_NS_ASSERTIONS = NO;
				ENABLE_STRICT_OBJC_MSGSEND = YES;
				GCC_C_LANGUAGE_STANDARD = gnu99;
				GCC_NO_COMMON_BLOCKS = YES;
				GCC_WARN_64_TO_32_BIT_CONVERSION = YES;
				GCC_WARN_ABOUT_RETURN_TYPE = YES_ERROR;
				GCC_WARN_UNDECLARED_SELECTOR = YES;
				GCC_WARN_UNINITIALIZED_AUTOS = YES_AGGRESSIVE;
				GCC_WARN_UNUSED_FUNCTION = YES;
				GCC_WARN_UNUSED_VARIABLE = YES;
				IPHONEOS_DEPLOYMENT_TARGET = 9.3;
				MTL_ENABLE_DEBUG_INFO = NO;
				SDKROOT = iphoneos;
				TARGETED_DEVICE_FAMILY = "1,2";
				VALIDATE_PRODUCT = YES;
			};
			name = Release;
		};
		968181F61AF2B34900E2403B /* Debug */ = {
			isa = XCBuildConfiguration;
			baseConfigurationReference = 4B121A17FFD5E3CA153F3A90 /* Pods-treble.debug.xcconfig */;
			buildSettings = {
				ASSETCATALOG_COMPILER_APPICON_NAME = AppIcon;
				CLANG_ENABLE_MODULES = YES;
				CODE_SIGN_IDENTITY = "";
				"CODE_SIGN_IDENTITY[sdk=iphoneos*]" = "iPhone Developer";
				CURRENT_PROJECT_VERSION = 76;
				DEVELOPMENT_TEAM = ***REMOVED***;
				ENABLE_BITCODE = YES;
				FRAMEWORK_SEARCH_PATHS = (
					"$(inherited)",
					"$(PROJECT_DIR)",
				);
				INFOPLIST_FILE = treble/Info.plist;
				IPHONEOS_DEPLOYMENT_TARGET = 9.3;
				LD_RUNPATH_SEARCH_PATHS = "$(inherited) @executable_path/Frameworks";
				LIBRARY_SEARCH_PATHS = "$(inherited)";
				PRODUCT_BUNDLE_IDENTIFIER = com.mapbox.treble;
				PRODUCT_NAME = "$(TARGET_NAME)";
				PROVISIONING_PROFILE = "";
				PROVISIONING_PROFILE_SPECIFIER = "";
				TARGETED_DEVICE_FAMILY = "1,2";
				VERSIONING_SYSTEM = "apple-generic";
			};
			name = Debug;
		};
		968181F71AF2B34900E2403B /* Release */ = {
			isa = XCBuildConfiguration;
			baseConfigurationReference = 94613F12BCB586D3CB8EA82E /* Pods-treble.release.xcconfig */;
			buildSettings = {
				ASSETCATALOG_COMPILER_APPICON_NAME = AppIcon;
				CLANG_ENABLE_MODULES = YES;
				CODE_SIGN_IDENTITY = "";
				"CODE_SIGN_IDENTITY[sdk=iphoneos*]" = "iPhone Developer";
				CURRENT_PROJECT_VERSION = 76;
				DEVELOPMENT_TEAM = ***REMOVED***;
				ENABLE_BITCODE = YES;
				FRAMEWORK_SEARCH_PATHS = (
					"$(inherited)",
					"$(PROJECT_DIR)",
				);
				INFOPLIST_FILE = treble/Info.plist;
				IPHONEOS_DEPLOYMENT_TARGET = 9.3;
				LD_RUNPATH_SEARCH_PATHS = "$(inherited) @executable_path/Frameworks";
				LIBRARY_SEARCH_PATHS = "$(inherited)";
				PRODUCT_BUNDLE_IDENTIFIER = com.mapbox.treble;
				PRODUCT_NAME = "$(TARGET_NAME)";
				PROVISIONING_PROFILE = "";
				PROVISIONING_PROFILE_SPECIFIER = "";
				TARGETED_DEVICE_FAMILY = "1,2";
				VERSIONING_SYSTEM = "apple-generic";
			};
			name = Release;
		};
		9685FB181E0D977200148BD9 /* App Store */ = {
			isa = XCBuildConfiguration;
			buildSettings = {
				ALWAYS_SEARCH_USER_PATHS = NO;
				CLANG_CXX_LANGUAGE_STANDARD = "gnu++0x";
				CLANG_CXX_LIBRARY = "libc++";
				CLANG_ENABLE_MODULES = YES;
				CLANG_ENABLE_OBJC_ARC = YES;
				CLANG_WARN_BLOCK_CAPTURE_AUTORELEASING = YES;
				CLANG_WARN_BOOL_CONVERSION = YES;
				CLANG_WARN_COMMA = YES;
				CLANG_WARN_CONSTANT_CONVERSION = YES;
				CLANG_WARN_DEPRECATED_OBJC_IMPLEMENTATIONS = YES;
				CLANG_WARN_DIRECT_OBJC_ISA_USAGE = YES_ERROR;
				CLANG_WARN_EMPTY_BODY = YES;
				CLANG_WARN_ENUM_CONVERSION = YES;
				CLANG_WARN_INFINITE_RECURSION = YES;
				CLANG_WARN_INT_CONVERSION = YES;
				CLANG_WARN_NON_LITERAL_NULL_CONVERSION = YES;
				CLANG_WARN_OBJC_IMPLICIT_RETAIN_SELF = YES;
				CLANG_WARN_OBJC_LITERAL_CONVERSION = YES;
				CLANG_WARN_OBJC_ROOT_CLASS = YES_ERROR;
				CLANG_WARN_RANGE_LOOP_ANALYSIS = YES;
				CLANG_WARN_STRICT_PROTOTYPES = YES;
				CLANG_WARN_SUSPICIOUS_MOVE = YES;
				CLANG_WARN_UNREACHABLE_CODE = YES;
				CLANG_WARN__DUPLICATE_METHOD_MATCH = YES;
				"CODE_SIGN_IDENTITY[sdk=iphoneos*]" = "iPhone Developer";
				COPY_PHASE_STRIP = NO;
				DEBUG_INFORMATION_FORMAT = "dwarf-with-dsym";
				ENABLE_BITCODE = YES;
				ENABLE_NS_ASSERTIONS = NO;
				ENABLE_STRICT_OBJC_MSGSEND = YES;
				GCC_C_LANGUAGE_STANDARD = gnu99;
				GCC_NO_COMMON_BLOCKS = YES;
				GCC_WARN_64_TO_32_BIT_CONVERSION = YES;
				GCC_WARN_ABOUT_RETURN_TYPE = YES_ERROR;
				GCC_WARN_UNDECLARED_SELECTOR = YES;
				GCC_WARN_UNINITIALIZED_AUTOS = YES_AGGRESSIVE;
				GCC_WARN_UNUSED_FUNCTION = YES;
				GCC_WARN_UNUSED_VARIABLE = YES;
				IPHONEOS_DEPLOYMENT_TARGET = 9.3;
				MTL_ENABLE_DEBUG_INFO = NO;
				SDKROOT = iphoneos;
				TARGETED_DEVICE_FAMILY = "1,2";
				VALIDATE_PRODUCT = YES;
			};
			name = "App Store";
		};
		9685FB191E0D977200148BD9 /* App Store */ = {
			isa = XCBuildConfiguration;
			baseConfigurationReference = 2664238999696F4AD5D84AEA /* Pods-treble.app store.xcconfig */;
			buildSettings = {
				ASSETCATALOG_COMPILER_APPICON_NAME = AppIcon;
				CLANG_ENABLE_MODULES = YES;
				CODE_SIGN_IDENTITY = "";
				"CODE_SIGN_IDENTITY[sdk=iphoneos*]" = "iPhone Developer";
				CURRENT_PROJECT_VERSION = 76;
				DEVELOPMENT_TEAM = ***REMOVED***;
				ENABLE_BITCODE = YES;
				FRAMEWORK_SEARCH_PATHS = (
					"$(inherited)",
					"$(PROJECT_DIR)",
				);
				INFOPLIST_FILE = treble/Info.plist;
				IPHONEOS_DEPLOYMENT_TARGET = 9.3;
				LD_RUNPATH_SEARCH_PATHS = "$(inherited) @executable_path/Frameworks";
				LIBRARY_SEARCH_PATHS = "$(inherited)";
				PRODUCT_BUNDLE_IDENTIFIER = com.mapbox.trbl;
				PRODUCT_NAME = "$(TARGET_NAME)";
				TARGETED_DEVICE_FAMILY = "1,2";
				VERSIONING_SYSTEM = "apple-generic";
			};
			name = "App Store";
		};
/* End XCBuildConfiguration section */

/* Begin XCConfigurationList section */
		96301E811E937F2B005FF0F6 /* Build configuration list for PBXNativeTarget "trebleTests" */ = {
			isa = XCConfigurationList;
			buildConfigurations = (
				96301E7E1E937F2B005FF0F6 /* Debug */,
				96301E7F1E937F2B005FF0F6 /* Release */,
				96301E801E937F2B005FF0F6 /* App Store */,
			);
			defaultConfigurationIsVisible = 0;
			defaultConfigurationName = Release;
		};
		968181CA1AF2B34900E2403B /* Build configuration list for PBXProject "Treble" */ = {
			isa = XCConfigurationList;
			buildConfigurations = (
				968181F31AF2B34900E2403B /* Debug */,
				968181F41AF2B34900E2403B /* Release */,
				9685FB181E0D977200148BD9 /* App Store */,
			);
			defaultConfigurationIsVisible = 0;
			defaultConfigurationName = Release;
		};
		968181F51AF2B34900E2403B /* Build configuration list for PBXNativeTarget "treble" */ = {
			isa = XCConfigurationList;
			buildConfigurations = (
				968181F61AF2B34900E2403B /* Debug */,
				968181F71AF2B34900E2403B /* Release */,
				9685FB191E0D977200148BD9 /* App Store */,
			);
			defaultConfigurationIsVisible = 0;
			defaultConfigurationName = Release;
		};
/* End XCConfigurationList section */
	};
	rootObject = 968181C71AF2B34900E2403B /* Project object */;
}
